// !$*UTF8*$!
{
	archiveVersion = 1;
	classes = {
	};
	objectVersion = 50;
	objects = {

/* Begin PBXBuildFile section */
		CFB4B0832314137100C800F8 /* AppDelegate.swift in Sources */ = {isa = PBXBuildFile; fileRef = CFB4B0822314137100C800F8 /* AppDelegate.swift */; };
		CFB4B0852314137100C800F8 /* ViewController.swift in Sources */ = {isa = PBXBuildFile; fileRef = CFB4B0842314137100C800F8 /* ViewController.swift */; };
		CFB4B0882314137100C800F8 /* Main.storyboard in Resources */ = {isa = PBXBuildFile; fileRef = CFB4B0862314137100C800F8 /* Main.storyboard */; };
		CFB4B08A2314137500C800F8 /* Assets.xcassets in Resources */ = {isa = PBXBuildFile; fileRef = CFB4B0892314137500C800F8 /* Assets.xcassets */; };
		CFB4B08D2314137500C800F8 /* LaunchScreen.storyboard in Resources */ = {isa = PBXBuildFile; fileRef = CFB4B08B2314137500C800F8 /* LaunchScreen.storyboard */; };
		CFB4B0982314137500C800F8 /* PrimeroTests.swift in Sources */ = {isa = PBXBuildFile; fileRef = CFB4B0972314137500C800F8 /* PrimeroTests.swift */; };
		CFB4B0A32314137500C800F8 /* PrimeroUITests.swift in Sources */ = {isa = PBXBuildFile; fileRef = CFB4B0A22314137500C800F8 /* PrimeroUITests.swift */; };
/* End PBXBuildFile section */

/* Begin PBXContainerItemProxy section */
		CFB4B0942314137500C800F8 /* PBXContainerItemProxy */ = {
			isa = PBXContainerItemProxy;
			containerPortal = CFB4B0772314137100C800F8 /* Project object */;
			proxyType = 1;
			remoteGlobalIDString = CFB4B07E2314137100C800F8;
			remoteInfo = Primero;
		};
		CFB4B09F2314137500C800F8 /* PBXContainerItemProxy */ = {
			isa = PBXContainerItemProxy;
			containerPortal = CFB4B0772314137100C800F8 /* Project object */;
			proxyType = 1;
			remoteGlobalIDString = CFB4B07E2314137100C800F8;
			remoteInfo = Primero;
		};
/* End PBXContainerItemProxy section */

/* Begin PBXFileReference section */
		CFB4B07F2314137100C800F8 /* Primero.app */ = {isa = PBXFileReference; explicitFileType = wrapper.application; includeInIndex = 0; path = Primero.app; sourceTree = BUILT_PRODUCTS_DIR; };
		CFB4B0822314137100C800F8 /* AppDelegate.swift */ = {isa = PBXFileReference; lastKnownFileType = sourcecode.swift; path = AppDelegate.swift; sourceTree = "<group>"; };
		CFB4B0842314137100C800F8 /* ViewController.swift */ = {isa = PBXFileReference; lastKnownFileType = sourcecode.swift; path = ViewController.swift; sourceTree = "<group>"; };
		CFB4B0872314137100C800F8 /* Base */ = {isa = PBXFileReference; lastKnownFileType = file.storyboard; name = Base; path = Base.lproj/Main.storyboard; sourceTree = "<group>"; };
		CFB4B0892314137500C800F8 /* Assets.xcassets */ = {isa = PBXFileReference; lastKnownFileType = folder.assetcatalog; path = Assets.xcassets; sourceTree = "<group>"; };
		CFB4B08C2314137500C800F8 /* Base */ = {isa = PBXFileReference; lastKnownFileType = file.storyboard; name = Base; path = Base.lproj/LaunchScreen.storyboard; sourceTree = "<group>"; };
		CFB4B08E2314137500C800F8 /* Info.plist */ = {isa = PBXFileReference; lastKnownFileType = text.plist.xml; path = Info.plist; sourceTree = "<group>"; };
		CFB4B0932314137500C800F8 /* PrimeroTests.xctest */ = {isa = PBXFileReference; explicitFileType = wrapper.cfbundle; includeInIndex = 0; path = PrimeroTests.xctest; sourceTree = BUILT_PRODUCTS_DIR; };
		CFB4B0972314137500C800F8 /* PrimeroTests.swift */ = {isa = PBXFileReference; lastKnownFileType = sourcecode.swift; path = PrimeroTests.swift; sourceTree = "<group>"; };
		CFB4B0992314137500C800F8 /* Info.plist */ = {isa = PBXFileReference; lastKnownFileType = text.plist.xml; path = Info.plist; sourceTree = "<group>"; };
		CFB4B09E2314137500C800F8 /* PrimeroUITests.xctest */ = {isa = PBXFileReference; explicitFileType = wrapper.cfbundle; includeInIndex = 0; path = PrimeroUITests.xctest; sourceTree = BUILT_PRODUCTS_DIR; };
		CFB4B0A22314137500C800F8 /* PrimeroUITests.swift */ = {isa = PBXFileReference; lastKnownFileType = sourcecode.swift; path = PrimeroUITests.swift; sourceTree = "<group>"; };
		CFB4B0A42314137500C800F8 /* Info.plist */ = {isa = PBXFileReference; lastKnownFileType = text.plist.xml; path = Info.plist; sourceTree = "<group>"; };
/* End PBXFileReference section */

/* Begin PBXFrameworksBuildPhase section */
		CFB4B07C2314137100C800F8 /* Frameworks */ = {
			isa = PBXFrameworksBuildPhase;
			buildActionMask = 2147483647;
			files = (
			);
			runOnlyForDeploymentPostprocessing = 0;
		};
		CFB4B0902314137500C800F8 /* Frameworks */ = {
			isa = PBXFrameworksBuildPhase;
			buildActionMask = 2147483647;
			files = (
			);
			runOnlyForDeploymentPostprocessing = 0;
		};
		CFB4B09B2314137500C800F8 /* Frameworks */ = {
			isa = PBXFrameworksBuildPhase;
			buildActionMask = 2147483647;
			files = (
			);
			runOnlyForDeploymentPostprocessing = 0;
		};
/* End PBXFrameworksBuildPhase section */

/* Begin PBXGroup section */
		CFB4B0762314137100C800F8 = {
			isa = PBXGroup;
			children = (
				CFB4B0812314137100C800F8 /* Primero */,
				CFB4B0962314137500C800F8 /* PrimeroTests */,
				CFB4B0A12314137500C800F8 /* PrimeroUITests */,
				CFB4B0802314137100C800F8 /* Products */,
			);
			sourceTree = "<group>";
		};
		CFB4B0802314137100C800F8 /* Products */ = {
			isa = PBXGroup;
			children = (
				CFB4B07F2314137100C800F8 /* Primero.app */,
				CFB4B0932314137500C800F8 /* PrimeroTests.xctest */,
				CFB4B09E2314137500C800F8 /* PrimeroUITests.xctest */,
			);
			name = Products;
			sourceTree = "<group>";
		};
		CFB4B0812314137100C800F8 /* Primero */ = {
			isa = PBXGroup;
			children = (
				CFB4B0822314137100C800F8 /* AppDelegate.swift */,
				CFB4B0842314137100C800F8 /* ViewController.swift */,
				CFB4B0862314137100C800F8 /* Main.storyboard */,
				CFB4B0892314137500C800F8 /* Assets.xcassets */,
				CFB4B08B2314137500C800F8 /* LaunchScreen.storyboard */,
				CFB4B08E2314137500C800F8 /* Info.plist */,
			);
			path = Primero;
			sourceTree = "<group>";
		};
		CFB4B0962314137500C800F8 /* PrimeroTests */ = {
			isa = PBXGroup;
			children = (
				CFB4B0972314137500C800F8 /* PrimeroTests.swift */,
				CFB4B0992314137500C800F8 /* Info.plist */,
			);
			path = PrimeroTests;
			sourceTree = "<group>";
		};
		CFB4B0A12314137500C800F8 /* PrimeroUITests */ = {
			isa = PBXGroup;
			children = (
				CFB4B0A22314137500C800F8 /* PrimeroUITests.swift */,
				CFB4B0A42314137500C800F8 /* Info.plist */,
			);
			path = PrimeroUITests;
			sourceTree = "<group>";
		};
/* End PBXGroup section */

/* Begin PBXNativeTarget section */
		CFB4B07E2314137100C800F8 /* Primero */ = {
			isa = PBXNativeTarget;
			buildConfigurationList = CFB4B0A72314137500C800F8 /* Build configuration list for PBXNativeTarget "Primero" */;
			buildPhases = (
				CFB4B07B2314137100C800F8 /* Sources */,
				CFB4B07C2314137100C800F8 /* Frameworks */,
				CFB4B07D2314137100C800F8 /* Resources */,
			);
			buildRules = (
			);
			dependencies = (
			);
			name = Primero;
			productName = Primero;
			productReference = CFB4B07F2314137100C800F8 /* Primero.app */;
			productType = "com.apple.product-type.application";
		};
		CFB4B0922314137500C800F8 /* PrimeroTests */ = {
			isa = PBXNativeTarget;
			buildConfigurationList = CFB4B0AA2314137500C800F8 /* Build configuration list for PBXNativeTarget "PrimeroTests" */;
			buildPhases = (
				CFB4B08F2314137500C800F8 /* Sources */,
				CFB4B0902314137500C800F8 /* Frameworks */,
				CFB4B0912314137500C800F8 /* Resources */,
			);
			buildRules = (
			);
			dependencies = (
				CFB4B0952314137500C800F8 /* PBXTargetDependency */,
			);
			name = PrimeroTests;
			productName = PrimeroTests;
			productReference = CFB4B0932314137500C800F8 /* PrimeroTests.xctest */;
			productType = "com.apple.product-type.bundle.unit-test";
		};
		CFB4B09D2314137500C800F8 /* PrimeroUITests */ = {
			isa = PBXNativeTarget;
			buildConfigurationList = CFB4B0AD2314137500C800F8 /* Build configuration list for PBXNativeTarget "PrimeroUITests" */;
			buildPhases = (
				CFB4B09A2314137500C800F8 /* Sources */,
				CFB4B09B2314137500C800F8 /* Frameworks */,
				CFB4B09C2314137500C800F8 /* Resources */,
			);
			buildRules = (
			);
			dependencies = (
				CFB4B0A02314137500C800F8 /* PBXTargetDependency */,
			);
			name = PrimeroUITests;
			productName = PrimeroUITests;
			productReference = CFB4B09E2314137500C800F8 /* PrimeroUITests.xctest */;
			productType = "com.apple.product-type.bundle.ui-testing";
		};
/* End PBXNativeTarget section */

/* Begin PBXProject section */
		CFB4B0772314137100C800F8 /* Project object */ = {
			isa = PBXProject;
			attributes = {
				LastSwiftUpdateCheck = 1020;
				LastUpgradeCheck = 1020;
				ORGANIZATIONNAME = labdesarrollo5;
				TargetAttributes = {
					CFB4B07E2314137100C800F8 = {
						CreatedOnToolsVersion = 10.2;
					};
					CFB4B0922314137500C800F8 = {
						CreatedOnToolsVersion = 10.2;
						TestTargetID = CFB4B07E2314137100C800F8;
					};
					CFB4B09D2314137500C800F8 = {
						CreatedOnToolsVersion = 10.2;
						TestTargetID = CFB4B07E2314137100C800F8;
					};
				};
			};
			buildConfigurationList = CFB4B07A2314137100C800F8 /* Build configuration list for PBXProject "Primero" */;
			compatibilityVersion = "Xcode 9.3";
			developmentRegion = en;
			hasScannedForEncodings = 0;
			knownRegions = (
				en,
				Base,
			);
			mainGroup = CFB4B0762314137100C800F8;
			productRefGroup = CFB4B0802314137100C800F8 /* Products */;
			projectDirPath = "";
			projectRoot = "";
			targets = (
				CFB4B07E2314137100C800F8 /* Primero */,
				CFB4B0922314137500C800F8 /* PrimeroTests */,
				CFB4B09D2314137500C800F8 /* PrimeroUITests */,
			);
		};
/* End PBXProject section */

/* Begin PBXResourcesBuildPhase section */
		CFB4B07D2314137100C800F8 /* Resources */ = {
			isa = PBXResourcesBuildPhase;
			buildActionMask = 2147483647;
			files = (
				CFB4B08D2314137500C800F8 /* LaunchScreen.storyboard in Resources */,
				CFB4B08A2314137500C800F8 /* Assets.xcassets in Resources */,
				CFB4B0882314137100C800F8 /* Main.storyboard in Resources */,
			);
			runOnlyForDeploymentPostprocessing = 0;
		};
		CFB4B0912314137500C800F8 /* Resources */ = {
			isa = PBXResourcesBuildPhase;
			buildActionMask = 2147483647;
			files = (
			);
			runOnlyForDeploymentPostprocessing = 0;
		};
		CFB4B09C2314137500C800F8 /* Resources */ = {
			isa = PBXResourcesBuildPhase;
			buildActionMask = 2147483647;
			files = (
			);
			runOnlyForDeploymentPostprocessing = 0;
		};
/* End PBXResourcesBuildPhase section */

/* Begin PBXSourcesBuildPhase section */
		CFB4B07B2314137100C800F8 /* Sources */ = {
			isa = PBXSourcesBuildPhase;
			buildActionMask = 2147483647;
			files = (
				CFB4B0852314137100C800F8 /* ViewController.swift in Sources */,
				CFB4B0832314137100C800F8 /* AppDelegate.swift in Sources */,
			);
			runOnlyForDeploymentPostprocessing = 0;
		};
		CFB4B08F2314137500C800F8 /* Sources */ = {
			isa = PBXSourcesBuildPhase;
			buildActionMask = 2147483647;
			files = (
				CFB4B0982314137500C800F8 /* PrimeroTests.swift in Sources */,
			);
			runOnlyForDeploymentPostprocessing = 0;
		};
		CFB4B09A2314137500C800F8 /* Sources */ = {
			isa = PBXSourcesBuildPhase;
			buildActionMask = 2147483647;
			files = (
				CFB4B0A32314137500C800F8 /* PrimeroUITests.swift in Sources */,
			);
			runOnlyForDeploymentPostprocessing = 0;
		};
/* End PBXSourcesBuildPhase section */

/* Begin PBXTargetDependency section */
		CFB4B0952314137500C800F8 /* PBXTargetDependency */ = {
			isa = PBXTargetDependency;
			target = CFB4B07E2314137100C800F8 /* Primero */;
			targetProxy = CFB4B0942314137500C800F8 /* PBXContainerItemProxy */;
		};
		CFB4B0A02314137500C800F8 /* PBXTargetDependency */ = {
			isa = PBXTargetDependency;
			target = CFB4B07E2314137100C800F8 /* Primero */;
			targetProxy = CFB4B09F2314137500C800F8 /* PBXContainerItemProxy */;
		};
/* End PBXTargetDependency section */

/* Begin PBXVariantGroup section */
		CFB4B0862314137100C800F8 /* Main.storyboard */ = {
			isa = PBXVariantGroup;
			children = (
				CFB4B0872314137100C800F8 /* Base */,
			);
			name = Main.storyboard;
			sourceTree = "<group>";
		};
		CFB4B08B2314137500C800F8 /* LaunchScreen.storyboard */ = {
			isa = PBXVariantGroup;
			children = (
				CFB4B08C2314137500C800F8 /* Base */,
			);
			name = LaunchScreen.storyboard;
			sourceTree = "<group>";
		};
/* End PBXVariantGroup section */

/* Begin XCBuildConfiguration section */
		CFB4B0A52314137500C800F8 /* Debug */ = {
			isa = XCBuildConfiguration;
			buildSettings = {
				ALWAYS_SEARCH_USER_PATHS = NO;
				CLANG_ANALYZER_NONNULL = YES;
				CLANG_ANALYZER_NUMBER_OBJECT_CONVERSION = YES_AGGRESSIVE;
				CLANG_CXX_LANGUAGE_STANDARD = "gnu++14";
				CLANG_CXX_LIBRARY = "libc++";
				CLANG_ENABLE_MODULES = YES;
				CLANG_ENABLE_OBJC_ARC = YES;
				CLANG_ENABLE_OBJC_WEAK = YES;
				CLANG_WARN_BLOCK_CAPTURE_AUTORELEASING = YES;
				CLANG_WARN_BOOL_CONVERSION = YES;
				CLANG_WARN_COMMA = YES;
				CLANG_WARN_CONSTANT_CONVERSION = YES;
				CLANG_WARN_DEPRECATED_OBJC_IMPLEMENTATIONS = YES;
				CLANG_WARN_DIRECT_OBJC_ISA_USAGE = YES_ERROR;
				CLANG_WARN_DOCUMENTATION_COMMENTS = YES;
				CLANG_WARN_EMPTY_BODY = YES;
				CLANG_WARN_ENUM_CONVERSION = YES;
				CLANG_WARN_INFINITE_RECURSION = YES;
				CLANG_WARN_INT_CONVERSION = YES;
				CLANG_WARN_NON_LITERAL_NULL_CONVERSION = YES;
				CLANG_WARN_OBJC_IMPLICIT_RETAIN_SELF = YES;
				CLANG_WARN_OBJC_LITERAL_CONVERSION = YES;
				CLANG_WARN_OBJC_ROOT_CLASS = YES_ERROR;
				CLANG_WARN_RANGE_LOOP_ANALYSIS = YES;
				CLANG_WARN_STRICT_PROTOTYPES = YES;
				CLANG_WARN_SUSPICIOUS_MOVE = YES;
				CLANG_WARN_UNGUARDED_AVAILABILITY = YES_AGGRESSIVE;
				CLANG_WARN_UNREACHABLE_CODE = YES;
				CLANG_WARN__DUPLICATE_METHOD_MATCH = YES;
				CODE_SIGN_IDENTITY = "iPhone Developer";
				COPY_PHASE_STRIP = NO;
				DEBUG_INFORMATION_FORMAT = dwarf;
				ENABLE_STRICT_OBJC_MSGSEND = YES;
				ENABLE_TESTABILITY = YES;
				GCC_C_LANGUAGE_STANDARD = gnu11;
				GCC_DYNAMIC_NO_PIC = NO;
				GCC_NO_COMMON_BLOCKS = YES;
				GCC_OPTIMIZATION_LEVEL = 0;
				GCC_PREPROCESSOR_DEFINITIONS = (
					"DEBUG=1",
					"$(inherited)",
				);
				GCC_WARN_64_TO_32_BIT_CONVERSION = YES;
				GCC_WARN_ABOUT_RETURN_TYPE = YES_ERROR;
				GCC_WARN_UNDECLARED_SELECTOR = YES;
				GCC_WARN_UNINITIALIZED_AUTOS = YES_AGGRESSIVE;
				GCC_WARN_UNUSED_FUNCTION = YES;
				GCC_WARN_UNUSED_VARIABLE = YES;
				IPHONEOS_DEPLOYMENT_TARGET = 12.2;
				MTL_ENABLE_DEBUG_INFO = INCLUDE_SOURCE;
				MTL_FAST_MATH = YES;
				ONLY_ACTIVE_ARCH = YES;
				SDKROOT = iphoneos;
				SWIFT_ACTIVE_COMPILATION_CONDITIONS = DEBUG;
				SWIFT_OPTIMIZATION_LEVEL = "-Onone";
			};
			name = Debug;
		};
		CFB4B0A62314137500C800F8 /* Release */ = {
			isa = XCBuildConfiguration;
			buildSettings = {
				ALWAYS_SEARCH_USER_PATHS = NO;
				CLANG_ANALYZER_NONNULL = YES;
				CLANG_ANALYZER_NUMBER_OBJECT_CONVERSION = YES_AGGRESSIVE;
				CLANG_CXX_LANGUAGE_STANDARD = "gnu++14";
				CLANG_CXX_LIBRARY = "libc++";
				CLANG_ENABLE_MODULES = YES;
				CLANG_ENABLE_OBJC_ARC = YES;
				CLANG_ENABLE_OBJC_WEAK = YES;
				CLANG_WARN_BLOCK_CAPTURE_AUTORELEASING = YES;
				CLANG_WARN_BOOL_CONVERSION = YES;
				CLANG_WARN_COMMA = YES;
				CLANG_WARN_CONSTANT_CONVERSION = YES;
				CLANG_WARN_DEPRECATED_OBJC_IMPLEMENTATIONS = YES;
				CLANG_WARN_DIRECT_OBJC_ISA_USAGE = YES_ERROR;
				CLANG_WARN_DOCUMENTATION_COMMENTS = YES;
				CLANG_WARN_EMPTY_BODY = YES;
				CLANG_WARN_ENUM_CONVERSION = YES;
				CLANG_WARN_INFINITE_RECURSION = YES;
				CLANG_WARN_INT_CONVERSION = YES;
				CLANG_WARN_NON_LITERAL_NULL_CONVERSION = YES;
				CLANG_WARN_OBJC_IMPLICIT_RETAIN_SELF = YES;
				CLANG_WARN_OBJC_LITERAL_CONVERSION = YES;
				CLANG_WARN_OBJC_ROOT_CLASS = YES_ERROR;
				CLANG_WARN_RANGE_LOOP_ANALYSIS = YES;
				CLANG_WARN_STRICT_PROTOTYPES = YES;
				CLANG_WARN_SUSPICIOUS_MOVE = YES;
				CLANG_WARN_UNGUARDED_AVAILABILITY = YES_AGGRESSIVE;
				CLANG_WARN_UNREACHABLE_CODE = YES;
				CLANG_WARN__DUPLICATE_METHOD_MATCH = YES;
				CODE_SIGN_IDENTITY = "iPhone Developer";
				COPY_PHASE_STRIP = NO;
				DEBUG_INFORMATION_FORMAT = "dwarf-with-dsym";
				ENABLE_NS_ASSERTIONS = NO;
				ENABLE_STRICT_OBJC_MSGSEND = YES;
				GCC_C_LANGUAGE_STANDARD = gnu11;
				GCC_NO_COMMON_BLOCKS = YES;
				GCC_WARN_64_TO_32_BIT_CONVERSION = YES;
				GCC_WARN_ABOUT_RETURN_TYPE = YES_ERROR;
				GCC_WARN_UNDECLARED_SELECTOR = YES;
				GCC_WARN_UNINITIALIZED_AUTOS = YES_AGGRESSIVE;
				GCC_WARN_UNUSED_FUNCTION = YES;
				GCC_WARN_UNUSED_VARIABLE = YES;
				IPHONEOS_DEPLOYMENT_TARGET = 12.2;
				MTL_ENABLE_DEBUG_INFO = NO;
				MTL_FAST_MATH = YES;
				SDKROOT = iphoneos;
				SWIFT_COMPILATION_MODE = wholemodule;
				SWIFT_OPTIMIZATION_LEVEL = "-O";
				VALIDATE_PRODUCT = YES;
			};
			name = Release;
		};
		CFB4B0A82314137500C800F8 /* Debug */ = {
			isa = XCBuildConfiguration;
			buildSettings = {
				ASSETCATALOG_COMPILER_APPICON_NAME = AppIcon;
				CODE_SIGN_STYLE = Automatic;
				INFOPLIST_FILE = Primero/Info.plist;
				LD_RUNPATH_SEARCH_PATHS = (
					"$(inherited)",
					"@executable_path/Frameworks",
				);
				PRODUCT_BUNDLE_IDENTIFIER = TecDeRoque.Primero;
				PRODUCT_NAME = "$(TARGET_NAME)";
				SWIFT_VERSION = 5.0;
				TARGETED_DEVICE_FAMILY = "1,2";
			};
			name = Debug;
		};
		CFB4B0A92314137500C800F8 /* Release */ = {
			isa = XCBuildConfiguration;
			buildSettings = {
				ASSETCATALOG_COMPILER_APPICON_NAME = AppIcon;
				CODE_SIGN_STYLE = Automatic;
				INFOPLIST_FILE = Primero/Info.plist;
				LD_RUNPATH_SEARCH_PATHS = (
					"$(inherited)",
					"@executable_path/Frameworks",
				);
				PRODUCT_BUNDLE_IDENTIFIER = TecDeRoque.Primero;
				PRODUCT_NAME = "$(TARGET_NAME)";
				SWIFT_VERSION = 5.0;
				TARGETED_DEVICE_FAMILY = "1,2";
			};
			name = Release;
		};
		CFB4B0AB2314137500C800F8 /* Debug */ = {
			isa = XCBuildConfiguration;
			buildSettings = {
				ALWAYS_EMBED_SWIFT_STANDARD_LIBRARIES = YES;
				BUNDLE_LOADER = "$(TEST_HOST)";
				CODE_SIGN_STYLE = Automatic;
				INFOPLIST_FILE = PrimeroTests/Info.plist;
				LD_RUNPATH_SEARCH_PATHS = (
					"$(inherited)",
					"@executable_path/Frameworks",
					"@loader_path/Frameworks",
				);
				PRODUCT_BUNDLE_IDENTIFIER = TecDeRoque.PrimeroTests;
				PRODUCT_NAME = "$(TARGET_NAME)";
				SWIFT_VERSION = 5.0;
				TARGETED_DEVICE_FAMILY = "1,2";
				TEST_HOST = "$(BUILT_PRODUCTS_DIR)/Primero.app/Primero";
			};
			name = Debug;
		};
		CFB4B0AC2314137500C800F8 /* Release */ = {
			isa = XCBuildConfiguration;
			buildSettings = {
				ALWAYS_EMBED_SWIFT_STANDARD_LIBRARIES = YES;
				BUNDLE_LOADER = "$(TEST_HOST)";
				CODE_SIGN_STYLE = Automatic;
				INFOPLIST_FILE = PrimeroTests/Info.plist;
				LD_RUNPATH_SEARCH_PATHS = (
					"$(inherited)",
					"@executable_path/Frameworks",
					"@loader_path/Frameworks",
				);
				PRODUCT_BUNDLE_IDENTIFIER = TecDeRoque.PrimeroTests;
				PRODUCT_NAME = "$(TARGET_NAME)";
				SWIFT_VERSION = 5.0;
				TARGETED_DEVICE_FAMILY = "1,2";
				TEST_HOST = "$(BUILT_PRODUCTS_DIR)/Primero.app/Primero";
			};
			name = Release;
		};
		CFB4B0AE2314137500C800F8 /* Debug */ = {
			isa = XCBuildConfiguration;
			buildSettings = {
				ALWAYS_EMBED_SWIFT_STANDARD_LIBRARIES = YES;
				CODE_SIGN_STYLE = Automatic;
				INFOPLIST_FILE = PrimeroUITests/Info.plist;
				LD_RUNPATH_SEARCH_PATHS = (
					"$(inherited)",
					"@executable_path/Frameworks",
					"@loader_path/Frameworks",
				);
				PRODUCT_BUNDLE_IDENTIFIER = TecDeRoque.PrimeroUITests;
				PRODUCT_NAME = "$(TARGET_NAME)";
				SWIFT_VERSION = 5.0;
				TARGETED_DEVICE_FAMILY = "1,2";
				TEST_TARGET_NAME = Primero;
			};
			name = Debug;
		};
		CFB4B0AF2314137500C800F8 /* Release */ = {
			isa = XCBuildConfiguration;
			buildSettings = {
				ALWAYS_EMBED_SWIFT_STANDARD_LIBRARIES = YES;
				CODE_SIGN_STYLE = Automatic;
				INFOPLIST_FILE = PrimeroUITests/Info.plist;
				LD_RUNPATH_SEARCH_PATHS = (
					"$(inherited)",
					"@executable_path/Frameworks",
					"@loader_path/Frameworks",
				);
				PRODUCT_BUNDLE_IDENTIFIER = TecDeRoque.PrimeroUITests;
				PRODUCT_NAME = "$(TARGET_NAME)";
				SWIFT_VERSION = 5.0;
				TARGETED_DEVICE_FAMILY = "1,2";
				TEST_TARGET_NAME = Primero;
			};
			name = Release;
		};
/* End XCBuildConfiguration section */

/* Begin XCConfigurationList section */
		CFB4B07A2314137100C800F8 /* Build configuration list for PBXProject "Primero" */ = {
			isa = XCConfigurationList;
			buildConfigurations = (
				CFB4B0A52314137500C800F8 /* Debug */,
				CFB4B0A62314137500C800F8 /* Release */,
			);
			defaultConfigurationIsVisible = 0;
			defaultConfigurationName = Release;
		};
		CFB4B0A72314137500C800F8 /* Build configuration list for PBXNativeTarget "Primero" */ = {
			isa = XCConfigurationList;
			buildConfigurations = (
				CFB4B0A82314137500C800F8 /* Debug */,
				CFB4B0A92314137500C800F8 /* Release */,
			);
			defaultConfigurationIsVisible = 0;
			defaultConfigurationName = Release;
		};
		CFB4B0AA2314137500C800F8 /* Build configuration list for PBXNativeTarget "PrimeroTests" */ = {
			isa = XCConfigurationList;
			buildConfigurations = (
				CFB4B0AB2314137500C800F8 /* Debug */,
				CFB4B0AC2314137500C800F8 /* Release */,
			);
			defaultConfigurationIsVisible = 0;
			defaultConfigurationName = Release;
		};
		CFB4B0AD2314137500C800F8 /* Build configuration list for PBXNativeTarget "PrimeroUITests" */ = {
			isa = XCConfigurationList;
			buildConfigurations = (
				CFB4B0AE2314137500C800F8 /* Debug */,
				CFB4B0AF2314137500C800F8 /* Release */,
			);
			defaultConfigurationIsVisible = 0;
			defaultConfigurationName = Release;
		};
/* End XCConfigurationList section */
	};
	rootObject = CFB4B0772314137100C800F8 /* Project object */;
}
