// !$*UTF8*$!
{
	archiveVersion = 1;
	classes = {
	};
	objectVersion = 50;
	objects = {

/* Begin PBXBuildFile section */
		CF9EFB6F231FEB240002E327 /* AppDelegate.swift in Sources */ = {isa = PBXBuildFile; fileRef = CF9EFB6E231FEB240002E327 /* AppDelegate.swift */; };
		CF9EFB71231FEB240002E327 /* ViewController.swift in Sources */ = {isa = PBXBuildFile; fileRef = CF9EFB70231FEB240002E327 /* ViewController.swift */; };
		CF9EFB74231FEB240002E327 /* Main.storyboard in Resources */ = {isa = PBXBuildFile; fileRef = CF9EFB72231FEB240002E327 /* Main.storyboard */; };
		CF9EFB76231FEB260002E327 /* Assets.xcassets in Resources */ = {isa = PBXBuildFile; fileRef = CF9EFB75231FEB260002E327 /* Assets.xcassets */; };
		CF9EFB79231FEB260002E327 /* LaunchScreen.storyboard in Resources */ = {isa = PBXBuildFile; fileRef = CF9EFB77231FEB260002E327 /* LaunchScreen.storyboard */; };
		CF9EFB84231FEB260002E327 /* PreExamenTests.swift in Sources */ = {isa = PBXBuildFile; fileRef = CF9EFB83231FEB260002E327 /* PreExamenTests.swift */; };
		CF9EFB8F231FEB260002E327 /* PreExamenUITests.swift in Sources */ = {isa = PBXBuildFile; fileRef = CF9EFB8E231FEB260002E327 /* PreExamenUITests.swift */; };
		CF9EFB9D231FF5DC0002E327 /* ViewControllerResultado.swift in Sources */ = {isa = PBXBuildFile; fileRef = CF9EFB9C231FF5DC0002E327 /* ViewControllerResultado.swift */; };
/* End PBXBuildFile section */

/* Begin PBXContainerItemProxy section */
		CF9EFB80231FEB260002E327 /* PBXContainerItemProxy */ = {
			isa = PBXContainerItemProxy;
			containerPortal = CF9EFB63231FEB240002E327 /* Project object */;
			proxyType = 1;
			remoteGlobalIDString = CF9EFB6A231FEB240002E327;
			remoteInfo = PreExamen;
		};
		CF9EFB8B231FEB260002E327 /* PBXContainerItemProxy */ = {
			isa = PBXContainerItemProxy;
			containerPortal = CF9EFB63231FEB240002E327 /* Project object */;
			proxyType = 1;
			remoteGlobalIDString = CF9EFB6A231FEB240002E327;
			remoteInfo = PreExamen;
		};
/* End PBXContainerItemProxy section */

/* Begin PBXFileReference section */
		CF9EFB6B231FEB240002E327 /* PreExamen.app */ = {isa = PBXFileReference; explicitFileType = wrapper.application; includeInIndex = 0; path = PreExamen.app; sourceTree = BUILT_PRODUCTS_DIR; };
		CF9EFB6E231FEB240002E327 /* AppDelegate.swift */ = {isa = PBXFileReference; lastKnownFileType = sourcecode.swift; path = AppDelegate.swift; sourceTree = "<group>"; };
		CF9EFB70231FEB240002E327 /* ViewController.swift */ = {isa = PBXFileReference; lastKnownFileType = sourcecode.swift; path = ViewController.swift; sourceTree = "<group>"; };
		CF9EFB73231FEB240002E327 /* Base */ = {isa = PBXFileReference; lastKnownFileType = file.storyboard; name = Base; path = Base.lproj/Main.storyboard; sourceTree = "<group>"; };
		CF9EFB75231FEB260002E327 /* Assets.xcassets */ = {isa = PBXFileReference; lastKnownFileType = folder.assetcatalog; path = Assets.xcassets; sourceTree = "<group>"; };
		CF9EFB78231FEB260002E327 /* Base */ = {isa = PBXFileReference; lastKnownFileType = file.storyboard; name = Base; path = Base.lproj/LaunchScreen.storyboard; sourceTree = "<group>"; };
		CF9EFB7A231FEB260002E327 /* Info.plist */ = {isa = PBXFileReference; lastKnownFileType = text.plist.xml; path = Info.plist; sourceTree = "<group>"; };
		CF9EFB7F231FEB260002E327 /* PreExamenTests.xctest */ = {isa = PBXFileReference; explicitFileType = wrapper.cfbundle; includeInIndex = 0; path = PreExamenTests.xctest; sourceTree = BUILT_PRODUCTS_DIR; };
		CF9EFB83231FEB260002E327 /* PreExamenTests.swift */ = {isa = PBXFileReference; lastKnownFileType = sourcecode.swift; path = PreExamenTests.swift; sourceTree = "<group>"; };
		CF9EFB85231FEB260002E327 /* Info.plist */ = {isa = PBXFileReference; lastKnownFileType = text.plist.xml; path = Info.plist; sourceTree = "<group>"; };
		CF9EFB8A231FEB260002E327 /* PreExamenUITests.xctest */ = {isa = PBXFileReference; explicitFileType = wrapper.cfbundle; includeInIndex = 0; path = PreExamenUITests.xctest; sourceTree = BUILT_PRODUCTS_DIR; };
		CF9EFB8E231FEB260002E327 /* PreExamenUITests.swift */ = {isa = PBXFileReference; lastKnownFileType = sourcecode.swift; path = PreExamenUITests.swift; sourceTree = "<group>"; };
		CF9EFB90231FEB260002E327 /* Info.plist */ = {isa = PBXFileReference; lastKnownFileType = text.plist.xml; path = Info.plist; sourceTree = "<group>"; };
		CF9EFB9C231FF5DC0002E327 /* ViewControllerResultado.swift */ = {isa = PBXFileReference; lastKnownFileType = sourcecode.swift; path = ViewControllerResultado.swift; sourceTree = "<group>"; };
/* End PBXFileReference section */

/* Begin PBXFrameworksBuildPhase section */
		CF9EFB68231FEB240002E327 /* Frameworks */ = {
			isa = PBXFrameworksBuildPhase;
			buildActionMask = 2147483647;
			files = (
			);
			runOnlyForDeploymentPostprocessing = 0;
		};
		CF9EFB7C231FEB260002E327 /* Frameworks */ = {
			isa = PBXFrameworksBuildPhase;
			buildActionMask = 2147483647;
			files = (
			);
			runOnlyForDeploymentPostprocessing = 0;
		};
		CF9EFB87231FEB260002E327 /* Frameworks */ = {
			isa = PBXFrameworksBuildPhase;
			buildActionMask = 2147483647;
			files = (
			);
			runOnlyForDeploymentPostprocessing = 0;
		};
/* End PBXFrameworksBuildPhase section */

/* Begin PBXGroup section */
		CF9EFB62231FEB240002E327 = {
			isa = PBXGroup;
			children = (
				CF9EFB6D231FEB240002E327 /* PreExamen */,
				CF9EFB82231FEB260002E327 /* PreExamenTests */,
				CF9EFB8D231FEB260002E327 /* PreExamenUITests */,
				CF9EFB6C231FEB240002E327 /* Products */,
			);
			sourceTree = "<group>";
		};
		CF9EFB6C231FEB240002E327 /* Products */ = {
			isa = PBXGroup;
			children = (
				CF9EFB6B231FEB240002E327 /* PreExamen.app */,
				CF9EFB7F231FEB260002E327 /* PreExamenTests.xctest */,
				CF9EFB8A231FEB260002E327 /* PreExamenUITests.xctest */,
			);
			name = Products;
			sourceTree = "<group>";
		};
		CF9EFB6D231FEB240002E327 /* PreExamen */ = {
			isa = PBXGroup;
			children = (
				CF9EFB6E231FEB240002E327 /* AppDelegate.swift */,
				CF9EFB70231FEB240002E327 /* ViewController.swift */,
				CF9EFB72231FEB240002E327 /* Main.storyboard */,
				CF9EFB75231FEB260002E327 /* Assets.xcassets */,
				CF9EFB77231FEB260002E327 /* LaunchScreen.storyboard */,
				CF9EFB7A231FEB260002E327 /* Info.plist */,
				CF9EFB9C231FF5DC0002E327 /* ViewControllerResultado.swift */,
			);
			path = PreExamen;
			sourceTree = "<group>";
		};
		CF9EFB82231FEB260002E327 /* PreExamenTests */ = {
			isa = PBXGroup;
			children = (
				CF9EFB83231FEB260002E327 /* PreExamenTests.swift */,
				CF9EFB85231FEB260002E327 /* Info.plist */,
			);
			path = PreExamenTests;
			sourceTree = "<group>";
		};
		CF9EFB8D231FEB260002E327 /* PreExamenUITests */ = {
			isa = PBXGroup;
			children = (
				CF9EFB8E231FEB260002E327 /* PreExamenUITests.swift */,
				CF9EFB90231FEB260002E327 /* Info.plist */,
			);
			path = PreExamenUITests;
			sourceTree = "<group>";
		};
/* End PBXGroup section */

/* Begin PBXNativeTarget section */
		CF9EFB6A231FEB240002E327 /* PreExamen */ = {
			isa = PBXNativeTarget;
			buildConfigurationList = CF9EFB93231FEB260002E327 /* Build configuration list for PBXNativeTarget "PreExamen" */;
			buildPhases = (
				CF9EFB67231FEB240002E327 /* Sources */,
				CF9EFB68231FEB240002E327 /* Frameworks */,
				CF9EFB69231FEB240002E327 /* Resources */,
			);
			buildRules = (
			);
			dependencies = (
			);
			name = PreExamen;
			productName = PreExamen;
			productReference = CF9EFB6B231FEB240002E327 /* PreExamen.app */;
			productType = "com.apple.product-type.application";
		};
		CF9EFB7E231FEB260002E327 /* PreExamenTests */ = {
			isa = PBXNativeTarget;
			buildConfigurationList = CF9EFB96231FEB260002E327 /* Build configuration list for PBXNativeTarget "PreExamenTests" */;
			buildPhases = (
				CF9EFB7B231FEB260002E327 /* Sources */,
				CF9EFB7C231FEB260002E327 /* Frameworks */,
				CF9EFB7D231FEB260002E327 /* Resources */,
			);
			buildRules = (
			);
			dependencies = (
				CF9EFB81231FEB260002E327 /* PBXTargetDependency */,
			);
			name = PreExamenTests;
			productName = PreExamenTests;
			productReference = CF9EFB7F231FEB260002E327 /* PreExamenTests.xctest */;
			productType = "com.apple.product-type.bundle.unit-test";
		};
		CF9EFB89231FEB260002E327 /* PreExamenUITests */ = {
			isa = PBXNativeTarget;
			buildConfigurationList = CF9EFB99231FEB260002E327 /* Build configuration list for PBXNativeTarget "PreExamenUITests" */;
			buildPhases = (
				CF9EFB86231FEB260002E327 /* Sources */,
				CF9EFB87231FEB260002E327 /* Frameworks */,
				CF9EFB88231FEB260002E327 /* Resources */,
			);
			buildRules = (
			);
			dependencies = (
				CF9EFB8C231FEB260002E327 /* PBXTargetDependency */,
			);
			name = PreExamenUITests;
			productName = PreExamenUITests;
			productReference = CF9EFB8A231FEB260002E327 /* PreExamenUITests.xctest */;
			productType = "com.apple.product-type.bundle.ui-testing";
		};
/* End PBXNativeTarget section */

/* Begin PBXProject section */
		CF9EFB63231FEB240002E327 /* Project object */ = {
			isa = PBXProject;
			attributes = {
				LastSwiftUpdateCheck = 1030;
				LastUpgradeCheck = 1030;
				ORGANIZATIONNAME = labdesarrollo5;
				TargetAttributes = {
					CF9EFB6A231FEB240002E327 = {
						CreatedOnToolsVersion = 10.3;
					};
					CF9EFB7E231FEB260002E327 = {
						CreatedOnToolsVersion = 10.3;
						TestTargetID = CF9EFB6A231FEB240002E327;
					};
					CF9EFB89231FEB260002E327 = {
						CreatedOnToolsVersion = 10.3;
						TestTargetID = CF9EFB6A231FEB240002E327;
					};
				};
			};
			buildConfigurationList = CF9EFB66231FEB240002E327 /* Build configuration list for PBXProject "PreExamen" */;
			compatibilityVersion = "Xcode 9.3";
			developmentRegion = en;
			hasScannedForEncodings = 0;
			knownRegions = (
				en,
				Base,
			);
			mainGroup = CF9EFB62231FEB240002E327;
			productRefGroup = CF9EFB6C231FEB240002E327 /* Products */;
			projectDirPath = "";
			projectRoot = "";
			targets = (
				CF9EFB6A231FEB240002E327 /* PreExamen */,
				CF9EFB7E231FEB260002E327 /* PreExamenTests */,
				CF9EFB89231FEB260002E327 /* PreExamenUITests */,
			);
		};
/* End PBXProject section */

/* Begin PBXResourcesBuildPhase section */
		CF9EFB69231FEB240002E327 /* Resources */ = {
			isa = PBXResourcesBuildPhase;
			buildActionMask = 2147483647;
			files = (
				CF9EFB79231FEB260002E327 /* LaunchScreen.storyboard in Resources */,
				CF9EFB76231FEB260002E327 /* Assets.xcassets in Resources */,
				CF9EFB74231FEB240002E327 /* Main.storyboard in Resources */,
			);
			runOnlyForDeploymentPostprocessing = 0;
		};
		CF9EFB7D231FEB260002E327 /* Resources */ = {
			isa = PBXResourcesBuildPhase;
			buildActionMask = 2147483647;
			files = (
			);
			runOnlyForDeploymentPostprocessing = 0;
		};
		CF9EFB88231FEB260002E327 /* Resources */ = {
			isa = PBXResourcesBuildPhase;
			buildActionMask = 2147483647;
			files = (
			);
			runOnlyForDeploymentPostprocessing = 0;
		};
/* End PBXResourcesBuildPhase section */

/* Begin PBXSourcesBuildPhase section */
		CF9EFB67231FEB240002E327 /* Sources */ = {
			isa = PBXSourcesBuildPhase;
			buildActionMask = 2147483647;
			files = (
				CF9EFB71231FEB240002E327 /* ViewController.swift in Sources */,
				CF9EFB6F231FEB240002E327 /* AppDelegate.swift in Sources */,
				CF9EFB9D231FF5DC0002E327 /* ViewControllerResultado.swift in Sources */,
			);
			runOnlyForDeploymentPostprocessing = 0;
		};
		CF9EFB7B231FEB260002E327 /* Sources */ = {
			isa = PBXSourcesBuildPhase;
			buildActionMask = 2147483647;
			files = (
				CF9EFB84231FEB260002E327 /* PreExamenTests.swift in Sources */,
			);
			runOnlyForDeploymentPostprocessing = 0;
		};
		CF9EFB86231FEB260002E327 /* Sources */ = {
			isa = PBXSourcesBuildPhase;
			buildActionMask = 2147483647;
			files = (
				CF9EFB8F231FEB260002E327 /* PreExamenUITests.swift in Sources */,
			);
			runOnlyForDeploymentPostprocessing = 0;
		};
/* End PBXSourcesBuildPhase section */

/* Begin PBXTargetDependency section */
		CF9EFB81231FEB260002E327 /* PBXTargetDependency */ = {
			isa = PBXTargetDependency;
			target = CF9EFB6A231FEB240002E327 /* PreExamen */;
			targetProxy = CF9EFB80231FEB260002E327 /* PBXContainerItemProxy */;
		};
		CF9EFB8C231FEB260002E327 /* PBXTargetDependency */ = {
			isa = PBXTargetDependency;
			target = CF9EFB6A231FEB240002E327 /* PreExamen */;
			targetProxy = CF9EFB8B231FEB260002E327 /* PBXContainerItemProxy */;
		};
/* End PBXTargetDependency section */

/* Begin PBXVariantGroup section */
		CF9EFB72231FEB240002E327 /* Main.storyboard */ = {
			isa = PBXVariantGroup;
			children = (
				CF9EFB73231FEB240002E327 /* Base */,
			);
			name = Main.storyboard;
			sourceTree = "<group>";
		};
		CF9EFB77231FEB260002E327 /* LaunchScreen.storyboard */ = {
			isa = PBXVariantGroup;
			children = (
				CF9EFB78231FEB260002E327 /* Base */,
			);
			name = LaunchScreen.storyboard;
			sourceTree = "<group>";
		};
/* End PBXVariantGroup section */

/* Begin XCBuildConfiguration section */
		CF9EFB91231FEB260002E327 /* Debug */ = {
			isa = XCBuildConfiguration;
			buildSettings = {
				ALWAYS_SEARCH_USER_PATHS = NO;
				CLANG_ANALYZER_NONNULL = YES;
				CLANG_ANALYZER_NUMBER_OBJECT_CONVERSION = YES_AGGRESSIVE;
				CLANG_CXX_LANGUAGE_STANDARD = "gnu++14";
				CLANG_CXX_LIBRARY = "libc++";
				CLANG_ENABLE_MODULES = YES;
				CLANG_ENABLE_OBJC_ARC = YES;
				CLANG_ENABLE_OBJC_WEAK = YES;
				CLANG_WARN_BLOCK_CAPTURE_AUTORELEASING = YES;
				CLANG_WARN_BOOL_CONVERSION = YES;
				CLANG_WARN_COMMA = YES;
				CLANG_WARN_CONSTANT_CONVERSION = YES;
				CLANG_WARN_DEPRECATED_OBJC_IMPLEMENTATIONS = YES;
				CLANG_WARN_DIRECT_OBJC_ISA_USAGE = YES_ERROR;
				CLANG_WARN_DOCUMENTATION_COMMENTS = YES;
				CLANG_WARN_EMPTY_BODY = YES;
				CLANG_WARN_ENUM_CONVERSION = YES;
				CLANG_WARN_INFINITE_RECURSION = YES;
				CLANG_WARN_INT_CONVERSION = YES;
				CLANG_WARN_NON_LITERAL_NULL_CONVERSION = YES;
				CLANG_WARN_OBJC_IMPLICIT_RETAIN_SELF = YES;
				CLANG_WARN_OBJC_LITERAL_CONVERSION = YES;
				CLANG_WARN_OBJC_ROOT_CLASS = YES_ERROR;
				CLANG_WARN_RANGE_LOOP_ANALYSIS = YES;
				CLANG_WARN_STRICT_PROTOTYPES = YES;
				CLANG_WARN_SUSPICIOUS_MOVE = YES;
				CLANG_WARN_UNGUARDED_AVAILABILITY = YES_AGGRESSIVE;
				CLANG_WARN_UNREACHABLE_CODE = YES;
				CLANG_WARN__DUPLICATE_METHOD_MATCH = YES;
				CODE_SIGN_IDENTITY = "iPhone Developer";
				COPY_PHASE_STRIP = NO;
				DEBUG_INFORMATION_FORMAT = dwarf;
				ENABLE_STRICT_OBJC_MSGSEND = YES;
				ENABLE_TESTABILITY = YES;
				GCC_C_LANGUAGE_STANDARD = gnu11;
				GCC_DYNAMIC_NO_PIC = NO;
				GCC_NO_COMMON_BLOCKS = YES;
				GCC_OPTIMIZATION_LEVEL = 0;
				GCC_PREPROCESSOR_DEFINITIONS = (
					"DEBUG=1",
					"$(inherited)",
				);
				GCC_WARN_64_TO_32_BIT_CONVERSION = YES;
				GCC_WARN_ABOUT_RETURN_TYPE = YES_ERROR;
				GCC_WARN_UNDECLARED_SELECTOR = YES;
				GCC_WARN_UNINITIALIZED_AUTOS = YES_AGGRESSIVE;
				GCC_WARN_UNUSED_FUNCTION = YES;
				GCC_WARN_UNUSED_VARIABLE = YES;
				IPHONEOS_DEPLOYMENT_TARGET = 12.4;
				MTL_ENABLE_DEBUG_INFO = INCLUDE_SOURCE;
				MTL_FAST_MATH = YES;
				ONLY_ACTIVE_ARCH = YES;
				SDKROOT = iphoneos;
				SWIFT_ACTIVE_COMPILATION_CONDITIONS = DEBUG;
				SWIFT_OPTIMIZATION_LEVEL = "-Onone";
			};
			name = Debug;
		};
		CF9EFB92231FEB260002E327 /* Release */ = {
			isa = XCBuildConfiguration;
			buildSettings = {
				ALWAYS_SEARCH_USER_PATHS = NO;
				CLANG_ANALYZER_NONNULL = YES;
				CLANG_ANALYZER_NUMBER_OBJECT_CONVERSION = YES_AGGRESSIVE;
				CLANG_CXX_LANGUAGE_STANDARD = "gnu++14";
				CLANG_CXX_LIBRARY = "libc++";
				CLANG_ENABLE_MODULES = YES;
				CLANG_ENABLE_OBJC_ARC = YES;
				CLANG_ENABLE_OBJC_WEAK = YES;
				CLANG_WARN_BLOCK_CAPTURE_AUTORELEASING = YES;
				CLANG_WARN_BOOL_CONVERSION = YES;
				CLANG_WARN_COMMA = YES;
				CLANG_WARN_CONSTANT_CONVERSION = YES;
				CLANG_WARN_DEPRECATED_OBJC_IMPLEMENTATIONS = YES;
				CLANG_WARN_DIRECT_OBJC_ISA_USAGE = YES_ERROR;
				CLANG_WARN_DOCUMENTATION_COMMENTS = YES;
				CLANG_WARN_EMPTY_BODY = YES;
				CLANG_WARN_ENUM_CONVERSION = YES;
				CLANG_WARN_INFINITE_RECURSION = YES;
				CLANG_WARN_INT_CONVERSION = YES;
				CLANG_WARN_NON_LITERAL_NULL_CONVERSION = YES;
				CLANG_WARN_OBJC_IMPLICIT_RETAIN_SELF = YES;
				CLANG_WARN_OBJC_LITERAL_CONVERSION = YES;
				CLANG_WARN_OBJC_ROOT_CLASS = YES_ERROR;
				CLANG_WARN_RANGE_LOOP_ANALYSIS = YES;
				CLANG_WARN_STRICT_PROTOTYPES = YES;
				CLANG_WARN_SUSPICIOUS_MOVE = YES;
				CLANG_WARN_UNGUARDED_AVAILABILITY = YES_AGGRESSIVE;
				CLANG_WARN_UNREACHABLE_CODE = YES;
				CLANG_WARN__DUPLICATE_METHOD_MATCH = YES;
				CODE_SIGN_IDENTITY = "iPhone Developer";
				COPY_PHASE_STRIP = NO;
				DEBUG_INFORMATION_FORMAT = "dwarf-with-dsym";
				ENABLE_NS_ASSERTIONS = NO;
				ENABLE_STRICT_OBJC_MSGSEND = YES;
				GCC_C_LANGUAGE_STANDARD = gnu11;
				GCC_NO_COMMON_BLOCKS = YES;
				GCC_WARN_64_TO_32_BIT_CONVERSION = YES;
				GCC_WARN_ABOUT_RETURN_TYPE = YES_ERROR;
				GCC_WARN_UNDECLARED_SELECTOR = YES;
				GCC_WARN_UNINITIALIZED_AUTOS = YES_AGGRESSIVE;
				GCC_WARN_UNUSED_FUNCTION = YES;
				GCC_WARN_UNUSED_VARIABLE = YES;
				IPHONEOS_DEPLOYMENT_TARGET = 12.4;
				MTL_ENABLE_DEBUG_INFO = NO;
				MTL_FAST_MATH = YES;
				SDKROOT = iphoneos;
				SWIFT_COMPILATION_MODE = wholemodule;
				SWIFT_OPTIMIZATION_LEVEL = "-O";
				VALIDATE_PRODUCT = YES;
			};
			name = Release;
		};
		CF9EFB94231FEB260002E327 /* Debug */ = {
			isa = XCBuildConfiguration;
			buildSettings = {
				ASSETCATALOG_COMPILER_APPICON_NAME = AppIcon;
				CODE_SIGN_STYLE = Automatic;
				INFOPLIST_FILE = PreExamen/Info.plist;
				LD_RUNPATH_SEARCH_PATHS = (
					"$(inherited)",
					"@executable_path/Frameworks",
				);
				PRODUCT_BUNDLE_IDENTIFIER = TecDeRoque.PreExamen;
				PRODUCT_NAME = "$(TARGET_NAME)";
				SWIFT_VERSION = 5.0;
				TARGETED_DEVICE_FAMILY = "1,2";
			};
			name = Debug;
		};
		CF9EFB95231FEB260002E327 /* Release */ = {
			isa = XCBuildConfiguration;
			buildSettings = {
				ASSETCATALOG_COMPILER_APPICON_NAME = AppIcon;
				CODE_SIGN_STYLE = Automatic;
				INFOPLIST_FILE = PreExamen/Info.plist;
				LD_RUNPATH_SEARCH_PATHS = (
					"$(inherited)",
					"@executable_path/Frameworks",
				);
				PRODUCT_BUNDLE_IDENTIFIER = TecDeRoque.PreExamen;
				PRODUCT_NAME = "$(TARGET_NAME)";
				SWIFT_VERSION = 5.0;
				TARGETED_DEVICE_FAMILY = "1,2";
			};
			name = Release;
		};
		CF9EFB97231FEB260002E327 /* Debug */ = {
			isa = XCBuildConfiguration;
			buildSettings = {
				ALWAYS_EMBED_SWIFT_STANDARD_LIBRARIES = YES;
				BUNDLE_LOADER = "$(TEST_HOST)";
				CODE_SIGN_STYLE = Automatic;
				INFOPLIST_FILE = PreExamenTests/Info.plist;
				LD_RUNPATH_SEARCH_PATHS = (
					"$(inherited)",
					"@executable_path/Frameworks",
					"@loader_path/Frameworks",
				);
				PRODUCT_BUNDLE_IDENTIFIER = TecDeRoque.PreExamenTests;
				PRODUCT_NAME = "$(TARGET_NAME)";
				SWIFT_VERSION = 5.0;
				TARGETED_DEVICE_FAMILY = "1,2";
				TEST_HOST = "$(BUILT_PRODUCTS_DIR)/PreExamen.app/PreExamen";
			};
			name = Debug;
		};
		CF9EFB98231FEB260002E327 /* Release */ = {
			isa = XCBuildConfiguration;
			buildSettings = {
				ALWAYS_EMBED_SWIFT_STANDARD_LIBRARIES = YES;
				BUNDLE_LOADER = "$(TEST_HOST)";
				CODE_SIGN_STYLE = Automatic;
				INFOPLIST_FILE = PreExamenTests/Info.plist;
				LD_RUNPATH_SEARCH_PATHS = (
					"$(inherited)",
					"@executable_path/Frameworks",
					"@loader_path/Frameworks",
				);
				PRODUCT_BUNDLE_IDENTIFIER = TecDeRoque.PreExamenTests;
				PRODUCT_NAME = "$(TARGET_NAME)";
				SWIFT_VERSION = 5.0;
				TARGETED_DEVICE_FAMILY = "1,2";
				TEST_HOST = "$(BUILT_PRODUCTS_DIR)/PreExamen.app/PreExamen";
			};
			name = Release;
		};
		CF9EFB9A231FEB260002E327 /* Debug */ = {
			isa = XCBuildConfiguration;
			buildSettings = {
				ALWAYS_EMBED_SWIFT_STANDARD_LIBRARIES = YES;
				CODE_SIGN_STYLE = Automatic;
				INFOPLIST_FILE = PreExamenUITests/Info.plist;
				LD_RUNPATH_SEARCH_PATHS = (
					"$(inherited)",
					"@executable_path/Frameworks",
					"@loader_path/Frameworks",
				);
				PRODUCT_BUNDLE_IDENTIFIER = TecDeRoque.PreExamenUITests;
				PRODUCT_NAME = "$(TARGET_NAME)";
				SWIFT_VERSION = 5.0;
				TARGETED_DEVICE_FAMILY = "1,2";
				TEST_TARGET_NAME = PreExamen;
			};
			name = Debug;
		};
		CF9EFB9B231FEB260002E327 /* Release */ = {
			isa = XCBuildConfiguration;
			buildSettings = {
				ALWAYS_EMBED_SWIFT_STANDARD_LIBRARIES = YES;
				CODE_SIGN_STYLE = Automatic;
				INFOPLIST_FILE = PreExamenUITests/Info.plist;
				LD_RUNPATH_SEARCH_PATHS = (
					"$(inherited)",
					"@executable_path/Frameworks",
					"@loader_path/Frameworks",
				);
				PRODUCT_BUNDLE_IDENTIFIER = TecDeRoque.PreExamenUITests;
				PRODUCT_NAME = "$(TARGET_NAME)";
				SWIFT_VERSION = 5.0;
				TARGETED_DEVICE_FAMILY = "1,2";
				TEST_TARGET_NAME = PreExamen;
			};
			name = Release;
		};
/* End XCBuildConfiguration section */

/* Begin XCConfigurationList section */
		CF9EFB66231FEB240002E327 /* Build configuration list for PBXProject "PreExamen" */ = {
			isa = XCConfigurationList;
			buildConfigurations = (
				CF9EFB91231FEB260002E327 /* Debug */,
				CF9EFB92231FEB260002E327 /* Release */,
			);
			defaultConfigurationIsVisible = 0;
			defaultConfigurationName = Release;
		};
		CF9EFB93231FEB260002E327 /* Build configuration list for PBXNativeTarget "PreExamen" */ = {
			isa = XCConfigurationList;
			buildConfigurations = (
				CF9EFB94231FEB260002E327 /* Debug */,
				CF9EFB95231FEB260002E327 /* Release */,
			);
			defaultConfigurationIsVisible = 0;
			defaultConfigurationName = Release;
		};
		CF9EFB96231FEB260002E327 /* Build configuration list for PBXNativeTarget "PreExamenTests" */ = {
			isa = XCConfigurationList;
			buildConfigurations = (
				CF9EFB97231FEB260002E327 /* Debug */,
				CF9EFB98231FEB260002E327 /* Release */,
			);
			defaultConfigurationIsVisible = 0;
			defaultConfigurationName = Release;
		};
		CF9EFB99231FEB260002E327 /* Build configuration list for PBXNativeTarget "PreExamenUITests" */ = {
			isa = XCConfigurationList;
			buildConfigurations = (
				CF9EFB9A231FEB260002E327 /* Debug */,
				CF9EFB9B231FEB260002E327 /* Release */,
			);
			defaultConfigurationIsVisible = 0;
			defaultConfigurationName = Release;
		};
/* End XCConfigurationList section */
	};
	rootObject = CF9EFB63231FEB240002E327 /* Project object */;
}
